Microsoft Visual Studio Solution File, Format Version 12.00
# Visual Studio Version 17
VisualStudioVersion = 17.9.34511.98
MinimumVisualStudioVersion = 10.0.40219.1
Project("{9A19103F-16F7-4668-BE54-9A1E7A4F7556}") = "AppHost", "src\Aspire\AppHost\AppHost.csproj", "{87F65B6C-657E-4E41-9E9A-CA1E726D1A66}"
EndProject
Project("{9A19103F-16F7-4668-BE54-9A1E7A4F7556}") = "ServiceDefaults", "src\Aspire\ServiceDefaults\ServiceDefaults.csproj", "{DA7F7A9C-D839-44E2-90AD-69944E002991}"
EndProject
Project("{2150E333-8FDC-42A3-9474-1A3956D46DE8}") = "src", "src", "{9C4EB836-6992-41D8-B2A1-C54E34BC912C}"
	ProjectSection(SolutionItems) = preProject
		src\Directory.Build.props = src\Directory.Build.props
	EndProjectSection
EndProject
Project("{2150E333-8FDC-42A3-9474-1A3956D46DE8}") = "test", "test", "{61C6DE01-0AFB-4B77-835C-27A44969DDF6}"
	ProjectSection(SolutionItems) = preProject
		test\Directory.Build.props = test\Directory.Build.props
	EndProjectSection
EndProject
Project("{2150E333-8FDC-42A3-9474-1A3956D46DE8}") = "Solution Items", "Solution Items", "{0E8AEBD7-F9B1-49F0-9B0F-FD0C51689E84}"
	ProjectSection(SolutionItems) = preProject
		.editorconfig = .editorconfig
		.gitignore = .gitignore
		Directory.Build.props = Directory.Build.props
		Directory.Packages.props = Directory.Packages.props
		nuget.config = nuget.config
		package-checks.txt = package-checks.txt
		README.md = README.md
	EndProjectSection
EndProject
Project("{2150E333-8FDC-42A3-9474-1A3956D46DE8}") = "Aspire", "Aspire", "{71398D3D-373F-4316-A4BD-49BF84DE2A1F}"
EndProject
Project("{2150E333-8FDC-42A3-9474-1A3956D46DE8}") = "doc", "doc", "{AFF52ACF-E2A5-479C-A6D5-7176FDDFE362}"
	ProjectSection(SolutionItems) = preProject
		README.md = README.md
		shared.tmp = shared.tmp
		structurizr.md = structurizr.md
		doc\structurizr.properties = doc\structurizr.properties
		doc\workspace.dsl = doc\workspace.dsl
	EndProjectSection
EndProject
Project("{2150E333-8FDC-42A3-9474-1A3956D46DE8}") = "1. Brainstorm", "1. Brainstorm", "{0DE85BF6-7F4F-47B3-A05A-7A9B343E1110}"
EndProject
Project("{2150E333-8FDC-42A3-9474-1A3956D46DE8}") = "2. Planned", "2. Planned", "{0217F898-25B9-415D-8690-70A4ADB82437}"
EndProject
Project("{2150E333-8FDC-42A3-9474-1A3956D46DE8}") = "3. Actual", "3. Actual", "{8BC82219-9F76-4739-B932-E247771D3B01}"
EndProject
Project("{9A19103F-16F7-4668-BE54-9A1E7A4F7556}") = "Architecture.Tests", "test\Architecture.Tests\Architecture.Tests.csproj", "{3335C209-5576-46A0-A242-1A2C87DD3F99}"
EndProject
Project("{2150E333-8FDC-42A3-9474-1A3956D46DE8}") = "Common", "Common", "{DC0E3061-5649-4787-98A2-553579B4E5BB}"
EndProject
Project("{2150E333-8FDC-42A3-9474-1A3956D46DE8}") = "Modules", "Modules", "{71C9F453-1C10-49B8-A77F-02EA837E14DB}"
EndProject
Project("{2150E333-8FDC-42A3-9474-1A3956D46DE8}") = "Common", "Common", "{B14FCAD6-42AC-422A-8823-EE46BE17AEDC}"
EndProject
Project("{2150E333-8FDC-42A3-9474-1A3956D46DE8}") = "Blog", "Blog", "{E95F758B-1ABF-4463-96B9-7DEF0D63BA80}"
EndProject
Project("{9A19103F-16F7-4668-BE54-9A1E7A4F7556}") = "Blog.Domain", "src\Modules\Blog\Domain\Blog.Domain.csproj", "{A5B8AED9-ED4F-487D-B541-62641EC3D181}"
EndProject
Project("{9A19103F-16F7-4668-BE54-9A1E7A4F7556}") = "Blog.Application", "src\Modules\Blog\Application\Blog.Application.csproj", "{2BA6241A-C00B-40C1-ACDB-950DB2F60F04}"
EndProject
Project("{9A19103F-16F7-4668-BE54-9A1E7A4F7556}") = "Common.Domain", "src\Common\Domain\Common.Domain.csproj", "{630CF900-D577-492C-9E4A-CB5A2EB92047}"
EndProject
Project("{9A19103F-16F7-4668-BE54-9A1E7A4F7556}") = "Blog.Infrastructure.EF", "src\Modules\Blog\Infrastructure.EF\Blog.Infrastructure.EF.csproj", "{AFE981F9-342A-414A-A680-1A6ED392E292}"
EndProject
Project("{9A19103F-16F7-4668-BE54-9A1E7A4F7556}") = "Blog.Presentation.Endpoints", "src\Modules\Blog\Presentation.Endpoints\Blog.Presentation.Endpoints.csproj", "{1485F732-3224-4C6E-B013-19FDC21F428C}"
EndProject
Project("{2150E333-8FDC-42A3-9474-1A3956D46DE8}") = "Modules", "Modules", "{405D8509-9B3E-40B1-9E4D-C2CBEFF5A1C1}"
EndProject
Project("{9A19103F-16F7-4668-BE54-9A1E7A4F7556}") = "Common.Domain.Tests", "test\Common\Domain.Test\Common.Domain.Tests.csproj", "{D7E4BB7C-417F-4B11-950E-DCE1DA85EC52}"
EndProject
Project("{2150E333-8FDC-42A3-9474-1A3956D46DE8}") = "Blog", "Blog", "{0CE1C72D-5FF6-4A99-A999-8EC9ACA1EB40}"
EndProject
Project("{9A19103F-16F7-4668-BE54-9A1E7A4F7556}") = "Blog.Domain.Tests", "test\Modules\Blog\Domain.Tests\Blog.Domain.Tests.csproj", "{8904FD28-1B8F-40CD-8E9D-FEEC6FBA5D95}"
EndProject
Project("{9A19103F-16F7-4668-BE54-9A1E7A4F7556}") = "Blog.Application.Tests", "test\Modules\Blog\Application.Tests\Blog.Application.Tests.csproj", "{882A9149-841C-44F1-BCC5-61DC3AAE3495}"
EndProject
Project("{9A19103F-16F7-4668-BE54-9A1E7A4F7556}") = "Blog.Integration.Tests", "test\Modules\Blog\Presentation.Endpoint.Tests\Blog.Integration.Tests.csproj", "{93C48B88-25E6-43FA-A809-CF8C9E99796A}"
EndProject
Project("{2150E333-8FDC-42A3-9474-1A3956D46DE8}") = "Admin", "Admin", "{BC8627E9-1E4F-4EE5-8539-8EC965D8BDCD}"
EndProject
Project("{2150E333-8FDC-42A3-9474-1A3956D46DE8}") = "Identity", "Identity", "{6E975992-3AE4-47FF-99FE-47EF7AED763C}"
EndProject
Project("{9A19103F-16F7-4668-BE54-9A1E7A4F7556}") = "Blog.Presentation.Web.Client", "src\Modules\Blog\Presentation.Web.Client\Blog.Presentation.Web.Client.csproj", "{400C9F3B-62E0-47EC-B392-F27755427AB1}"
EndProject
Project("{9A19103F-16F7-4668-BE54-9A1E7A4F7556}") = "Blog.Presentation.Web", "src\Modules\Blog\Presentation.Web\Blog.Presentation.Web.csproj", "{4EDA5EBE-CC7A-4A8D-B25F-0A4EC3D7A973}"
EndProject
Project("{2150E333-8FDC-42A3-9474-1A3956D46DE8}") = "Tools", "Tools", "{150756E9-73A8-4804-8B68-FADC306F3022}"
EndProject
Project("{9A19103F-16F7-4668-BE54-9A1E7A4F7556}") = "Host", "src\Host\Host\Host.csproj", "{BD784AE1-14A9-48D7-B365-0D2AD7DA8A45}"
EndProject
Project("{9A19103F-16F7-4668-BE54-9A1E7A4F7556}") = "Host.Client", "src\Host\Host.Client\Host.Client.csproj", "{B909CC87-125F-4263-985E-77228BCD68E4}"
EndProject
Global
	GlobalSection(SolutionConfigurationPlatforms) = preSolution
		Debug|Any CPU = Debug|Any CPU
		Release|Any CPU = Release|Any CPU
	EndGlobalSection
	GlobalSection(ProjectConfigurationPlatforms) = postSolution
		{87F65B6C-657E-4E41-9E9A-CA1E726D1A66}.Debug|Any CPU.ActiveCfg = Debug|Any CPU
		{87F65B6C-657E-4E41-9E9A-CA1E726D1A66}.Debug|Any CPU.Build.0 = Debug|Any CPU
		{87F65B6C-657E-4E41-9E9A-CA1E726D1A66}.Release|Any CPU.ActiveCfg = Release|Any CPU
		{87F65B6C-657E-4E41-9E9A-CA1E726D1A66}.Release|Any CPU.Build.0 = Release|Any CPU
		{DA7F7A9C-D839-44E2-90AD-69944E002991}.Debug|Any CPU.ActiveCfg = Debug|Any CPU
		{DA7F7A9C-D839-44E2-90AD-69944E002991}.Debug|Any CPU.Build.0 = Debug|Any CPU
		{DA7F7A9C-D839-44E2-90AD-69944E002991}.Release|Any CPU.ActiveCfg = Release|Any CPU
		{DA7F7A9C-D839-44E2-90AD-69944E002991}.Release|Any CPU.Build.0 = Release|Any CPU
		{3335C209-5576-46A0-A242-1A2C87DD3F99}.Debug|Any CPU.ActiveCfg = Debug|Any CPU
		{3335C209-5576-46A0-A242-1A2C87DD3F99}.Debug|Any CPU.Build.0 = Debug|Any CPU
		{3335C209-5576-46A0-A242-1A2C87DD3F99}.Release|Any CPU.ActiveCfg = Release|Any CPU
		{3335C209-5576-46A0-A242-1A2C87DD3F99}.Release|Any CPU.Build.0 = Release|Any CPU
		{A5B8AED9-ED4F-487D-B541-62641EC3D181}.Debug|Any CPU.ActiveCfg = Debug|Any CPU
		{A5B8AED9-ED4F-487D-B541-62641EC3D181}.Debug|Any CPU.Build.0 = Debug|Any CPU
		{A5B8AED9-ED4F-487D-B541-62641EC3D181}.Release|Any CPU.ActiveCfg = Release|Any CPU
		{A5B8AED9-ED4F-487D-B541-62641EC3D181}.Release|Any CPU.Build.0 = Release|Any CPU
		{2BA6241A-C00B-40C1-ACDB-950DB2F60F04}.Debug|Any CPU.ActiveCfg = Debug|Any CPU
		{2BA6241A-C00B-40C1-ACDB-950DB2F60F04}.Debug|Any CPU.Build.0 = Debug|Any CPU
		{2BA6241A-C00B-40C1-ACDB-950DB2F60F04}.Release|Any CPU.ActiveCfg = Release|Any CPU
		{2BA6241A-C00B-40C1-ACDB-950DB2F60F04}.Release|Any CPU.Build.0 = Release|Any CPU
		{630CF900-D577-492C-9E4A-CB5A2EB92047}.Debug|Any CPU.ActiveCfg = Debug|Any CPU
		{630CF900-D577-492C-9E4A-CB5A2EB92047}.Debug|Any CPU.Build.0 = Debug|Any CPU
		{630CF900-D577-492C-9E4A-CB5A2EB92047}.Release|Any CPU.ActiveCfg = Release|Any CPU
		{630CF900-D577-492C-9E4A-CB5A2EB92047}.Release|Any CPU.Build.0 = Release|Any CPU
		{AFE981F9-342A-414A-A680-1A6ED392E292}.Debug|Any CPU.ActiveCfg = Debug|Any CPU
		{AFE981F9-342A-414A-A680-1A6ED392E292}.Debug|Any CPU.Build.0 = Debug|Any CPU
		{AFE981F9-342A-414A-A680-1A6ED392E292}.Release|Any CPU.ActiveCfg = Release|Any CPU
		{AFE981F9-342A-414A-A680-1A6ED392E292}.Release|Any CPU.Build.0 = Release|Any CPU
		{1485F732-3224-4C6E-B013-19FDC21F428C}.Debug|Any CPU.ActiveCfg = Debug|Any CPU
		{1485F732-3224-4C6E-B013-19FDC21F428C}.Debug|Any CPU.Build.0 = Debug|Any CPU
		{1485F732-3224-4C6E-B013-19FDC21F428C}.Release|Any CPU.ActiveCfg = Release|Any CPU
		{1485F732-3224-4C6E-B013-19FDC21F428C}.Release|Any CPU.Build.0 = Release|Any CPU
		{D7E4BB7C-417F-4B11-950E-DCE1DA85EC52}.Debug|Any CPU.ActiveCfg = Debug|Any CPU
		{D7E4BB7C-417F-4B11-950E-DCE1DA85EC52}.Debug|Any CPU.Build.0 = Debug|Any CPU
		{D7E4BB7C-417F-4B11-950E-DCE1DA85EC52}.Release|Any CPU.ActiveCfg = Release|Any CPU
		{D7E4BB7C-417F-4B11-950E-DCE1DA85EC52}.Release|Any CPU.Build.0 = Release|Any CPU
		{8904FD28-1B8F-40CD-8E9D-FEEC6FBA5D95}.Debug|Any CPU.ActiveCfg = Debug|Any CPU
		{8904FD28-1B8F-40CD-8E9D-FEEC6FBA5D95}.Debug|Any CPU.Build.0 = Debug|Any CPU
		{8904FD28-1B8F-40CD-8E9D-FEEC6FBA5D95}.Release|Any CPU.ActiveCfg = Release|Any CPU
		{8904FD28-1B8F-40CD-8E9D-FEEC6FBA5D95}.Release|Any CPU.Build.0 = Release|Any CPU
		{882A9149-841C-44F1-BCC5-61DC3AAE3495}.Debug|Any CPU.ActiveCfg = Debug|Any CPU
		{882A9149-841C-44F1-BCC5-61DC3AAE3495}.Debug|Any CPU.Build.0 = Debug|Any CPU
		{882A9149-841C-44F1-BCC5-61DC3AAE3495}.Release|Any CPU.ActiveCfg = Release|Any CPU
		{882A9149-841C-44F1-BCC5-61DC3AAE3495}.Release|Any CPU.Build.0 = Release|Any CPU
		{93C48B88-25E6-43FA-A809-CF8C9E99796A}.Debug|Any CPU.ActiveCfg = Debug|Any CPU
		{93C48B88-25E6-43FA-A809-CF8C9E99796A}.Debug|Any CPU.Build.0 = Debug|Any CPU
		{93C48B88-25E6-43FA-A809-CF8C9E99796A}.Release|Any CPU.ActiveCfg = Release|Any CPU
		{93C48B88-25E6-43FA-A809-CF8C9E99796A}.Release|Any CPU.Build.0 = Release|Any CPU
		{400C9F3B-62E0-47EC-B392-F27755427AB1}.Debug|Any CPU.ActiveCfg = Debug|Any CPU
		{400C9F3B-62E0-47EC-B392-F27755427AB1}.Debug|Any CPU.Build.0 = Debug|Any CPU
		{400C9F3B-62E0-47EC-B392-F27755427AB1}.Release|Any CPU.ActiveCfg = Release|Any CPU
		{400C9F3B-62E0-47EC-B392-F27755427AB1}.Release|Any CPU.Build.0 = Release|Any CPU
		{4EDA5EBE-CC7A-4A8D-B25F-0A4EC3D7A973}.Debug|Any CPU.ActiveCfg = Debug|Any CPU
		{4EDA5EBE-CC7A-4A8D-B25F-0A4EC3D7A973}.Debug|Any CPU.Build.0 = Debug|Any CPU
		{4EDA5EBE-CC7A-4A8D-B25F-0A4EC3D7A973}.Release|Any CPU.ActiveCfg = Release|Any CPU
		{4EDA5EBE-CC7A-4A8D-B25F-0A4EC3D7A973}.Release|Any CPU.Build.0 = Release|Any CPU
		{BD784AE1-14A9-48D7-B365-0D2AD7DA8A45}.Debug|Any CPU.ActiveCfg = Debug|Any CPU
		{BD784AE1-14A9-48D7-B365-0D2AD7DA8A45}.Debug|Any CPU.Build.0 = Debug|Any CPU
		{BD784AE1-14A9-48D7-B365-0D2AD7DA8A45}.Release|Any CPU.ActiveCfg = Release|Any CPU
		{BD784AE1-14A9-48D7-B365-0D2AD7DA8A45}.Release|Any CPU.Build.0 = Release|Any CPU
		{B909CC87-125F-4263-985E-77228BCD68E4}.Debug|Any CPU.ActiveCfg = Debug|Any CPU
		{B909CC87-125F-4263-985E-77228BCD68E4}.Debug|Any CPU.Build.0 = Debug|Any CPU
		{B909CC87-125F-4263-985E-77228BCD68E4}.Release|Any CPU.ActiveCfg = Release|Any CPU
		{B909CC87-125F-4263-985E-77228BCD68E4}.Release|Any CPU.Build.0 = Release|Any CPU
	EndGlobalSection
	GlobalSection(SolutionProperties) = preSolution
		HideSolutionNode = FALSE
	EndGlobalSection
	GlobalSection(NestedProjects) = preSolution
		{87F65B6C-657E-4E41-9E9A-CA1E726D1A66} = {71398D3D-373F-4316-A4BD-49BF84DE2A1F}
		{DA7F7A9C-D839-44E2-90AD-69944E002991} = {71398D3D-373F-4316-A4BD-49BF84DE2A1F}
		{71398D3D-373F-4316-A4BD-49BF84DE2A1F} = {9C4EB836-6992-41D8-B2A1-C54E34BC912C}
		{0DE85BF6-7F4F-47B3-A05A-7A9B343E1110} = {AFF52ACF-E2A5-479C-A6D5-7176FDDFE362}
		{0217F898-25B9-415D-8690-70A4ADB82437} = {AFF52ACF-E2A5-479C-A6D5-7176FDDFE362}
		{8BC82219-9F76-4739-B932-E247771D3B01} = {AFF52ACF-E2A5-479C-A6D5-7176FDDFE362}
		{3335C209-5576-46A0-A242-1A2C87DD3F99} = {61C6DE01-0AFB-4B77-835C-27A44969DDF6}
		{DC0E3061-5649-4787-98A2-553579B4E5BB} = {61C6DE01-0AFB-4B77-835C-27A44969DDF6}
		{71C9F453-1C10-49B8-A77F-02EA837E14DB} = {9C4EB836-6992-41D8-B2A1-C54E34BC912C}
		{B14FCAD6-42AC-422A-8823-EE46BE17AEDC} = {9C4EB836-6992-41D8-B2A1-C54E34BC912C}
		{E95F758B-1ABF-4463-96B9-7DEF0D63BA80} = {71C9F453-1C10-49B8-A77F-02EA837E14DB}
		{A5B8AED9-ED4F-487D-B541-62641EC3D181} = {E95F758B-1ABF-4463-96B9-7DEF0D63BA80}
		{2BA6241A-C00B-40C1-ACDB-950DB2F60F04} = {E95F758B-1ABF-4463-96B9-7DEF0D63BA80}
		{630CF900-D577-492C-9E4A-CB5A2EB92047} = {B14FCAD6-42AC-422A-8823-EE46BE17AEDC}
		{AFE981F9-342A-414A-A680-1A6ED392E292} = {E95F758B-1ABF-4463-96B9-7DEF0D63BA80}
		{1485F732-3224-4C6E-B013-19FDC21F428C} = {E95F758B-1ABF-4463-96B9-7DEF0D63BA80}
		{405D8509-9B3E-40B1-9E4D-C2CBEFF5A1C1} = {61C6DE01-0AFB-4B77-835C-27A44969DDF6}
		{D7E4BB7C-417F-4B11-950E-DCE1DA85EC52} = {DC0E3061-5649-4787-98A2-553579B4E5BB}
		{0CE1C72D-5FF6-4A99-A999-8EC9ACA1EB40} = {405D8509-9B3E-40B1-9E4D-C2CBEFF5A1C1}
		{8904FD28-1B8F-40CD-8E9D-FEEC6FBA5D95} = {0CE1C72D-5FF6-4A99-A999-8EC9ACA1EB40}
		{882A9149-841C-44F1-BCC5-61DC3AAE3495} = {0CE1C72D-5FF6-4A99-A999-8EC9ACA1EB40}
		{93C48B88-25E6-43FA-A809-CF8C9E99796A} = {0CE1C72D-5FF6-4A99-A999-8EC9ACA1EB40}
		{BC8627E9-1E4F-4EE5-8539-8EC965D8BDCD} = {71C9F453-1C10-49B8-A77F-02EA837E14DB}
		{6E975992-3AE4-47FF-99FE-47EF7AED763C} = {71C9F453-1C10-49B8-A77F-02EA837E14DB}
		{400C9F3B-62E0-47EC-B392-F27755427AB1} = {E95F758B-1ABF-4463-96B9-7DEF0D63BA80}
		{4EDA5EBE-CC7A-4A8D-B25F-0A4EC3D7A973} = {E95F758B-1ABF-4463-96B9-7DEF0D63BA80}
		{150756E9-73A8-4804-8B68-FADC306F3022} = {71C9F453-1C10-49B8-A77F-02EA837E14DB}
		{BD784AE1-14A9-48D7-B365-0D2AD7DA8A45} = {9C4EB836-6992-41D8-B2A1-C54E34BC912C}
		{B909CC87-125F-4263-985E-77228BCD68E4} = {9C4EB836-6992-41D8-B2A1-C54E34BC912C}
	EndGlobalSection
	GlobalSection(ExtensibilityGlobals) = postSolution
		SolutionGuid = {8003828A-4503-48BD-9254-702134A0006A}
	EndGlobalSection
EndGlobal
